// !$*UTF8*$!
{
	archiveVersion = 1;
	classes = {
	};
	objectVersion = 46;
	objects = {

/* Begin PBXBuildFile section */
		3F0391E71D1CD1D500C3BCB5 /* main.m in Sources */ = {isa = PBXBuildFile; fileRef = 3F0391E61D1CD1D500C3BCB5 /* main.m */; };
		3F0391EA1D1CD1D500C3BCB5 /* AppDelegate.m in Sources */ = {isa = PBXBuildFile; fileRef = 3F0391E91D1CD1D500C3BCB5 /* AppDelegate.m */; };
		3F0391ED1D1CD1D500C3BCB5 /* ViewController.m in Sources */ = {isa = PBXBuildFile; fileRef = 3F0391EC1D1CD1D500C3BCB5 /* ViewController.m */; };
		3F0391F01D1CD1D500C3BCB5 /* Main.storyboard in Resources */ = {isa = PBXBuildFile; fileRef = 3F0391EE1D1CD1D500C3BCB5 /* Main.storyboard */; };
		3F0391F21D1CD1D500C3BCB5 /* Assets.xcassets in Resources */ = {isa = PBXBuildFile; fileRef = 3F0391F11D1CD1D500C3BCB5 /* Assets.xcassets */; };
		3F0391F51D1CD1D500C3BCB5 /* LaunchScreen.storyboard in Resources */ = {isa = PBXBuildFile; fileRef = 3F0391F31D1CD1D500C3BCB5 /* LaunchScreen.storyboard */; };
		3F0392091D1CD22800C3BCB5 /* FMDatabase.m in Sources */ = {isa = PBXBuildFile; fileRef = 3F0391FE1D1CD22800C3BCB5 /* FMDatabase.m */; };
		3F03920A1D1CD22800C3BCB5 /* FMDatabaseAdditions.m in Sources */ = {isa = PBXBuildFile; fileRef = 3F0392001D1CD22800C3BCB5 /* FMDatabaseAdditions.m */; };
		3F03920B1D1CD22800C3BCB5 /* FMDatabasePool.m in Sources */ = {isa = PBXBuildFile; fileRef = 3F0392021D1CD22800C3BCB5 /* FMDatabasePool.m */; };
		3F03920C1D1CD22800C3BCB5 /* FMDatabaseQueue.m in Sources */ = {isa = PBXBuildFile; fileRef = 3F0392041D1CD22800C3BCB5 /* FMDatabaseQueue.m */; };
		3F03920D1D1CD22800C3BCB5 /* FMResultSet.m in Sources */ = {isa = PBXBuildFile; fileRef = 3F0392071D1CD22800C3BCB5 /* FMResultSet.m */; };
		3F03920E1D1CD22800C3BCB5 /* Info.plist in Resources */ = {isa = PBXBuildFile; fileRef = 3F0392081D1CD22800C3BCB5 /* Info.plist */; };
		3F0392101D1CD24900C3BCB5 /* libsqlite3.tbd in Frameworks */ = {isa = PBXBuildFile; fileRef = 3F03920F1D1CD24900C3BCB5 /* libsqlite3.tbd */; };
/* End PBXBuildFile section */

/* Begin PBXFileReference section */
		3F0391E21D1CD1D500C3BCB5 /* IT07FMDBQueueDemo.app */ = {isa = PBXFileReference; explicitFileType = wrapper.application; includeInIndex = 0; path = IT07FMDBQueueDemo.app; sourceTree = BUILT_PRODUCTS_DIR; };
		3F0391E61D1CD1D500C3BCB5 /* main.m */ = {isa = PBXFileReference; lastKnownFileType = sourcecode.c.objc; path = main.m; sourceTree = "<group>"; };
		3F0391E81D1CD1D500C3BCB5 /* AppDelegate.h */ = {isa = PBXFileReference; lastKnownFileType = sourcecode.c.h; path = AppDelegate.h; sourceTree = "<group>"; };
		3F0391E91D1CD1D500C3BCB5 /* AppDelegate.m */ = {isa = PBXFileReference; lastKnownFileType = sourcecode.c.objc; path = AppDelegate.m; sourceTree = "<group>"; };
		3F0391EB1D1CD1D500C3BCB5 /* ViewController.h */ = {isa = PBXFileReference; lastKnownFileType = sourcecode.c.h; path = ViewController.h; sourceTree = "<group>"; };
		3F0391EC1D1CD1D500C3BCB5 /* ViewController.m */ = {isa = PBXFileReference; lastKnownFileType = sourcecode.c.objc; path = ViewController.m; sourceTree = "<group>"; };
		3F0391EF1D1CD1D500C3BCB5 /* Base */ = {isa = PBXFileReference; lastKnownFileType = file.storyboard; name = Base; path = Base.lproj/Main.storyboard; sourceTree = "<group>"; };
		3F0391F11D1CD1D500C3BCB5 /* Assets.xcassets */ = {isa = PBXFileReference; lastKnownFileType = folder.assetcatalog; path = Assets.xcassets; sourceTree = "<group>"; };
		3F0391F41D1CD1D500C3BCB5 /* Base */ = {isa = PBXFileReference; lastKnownFileType = file.storyboard; name = Base; path = Base.lproj/LaunchScreen.storyboard; sourceTree = "<group>"; };
		3F0391F61D1CD1D500C3BCB5 /* Info.plist */ = {isa = PBXFileReference; lastKnownFileType = text.plist.xml; path = Info.plist; sourceTree = "<group>"; };
		3F0391FD1D1CD22800C3BCB5 /* FMDatabase.h */ = {isa = PBXFileReference; fileEncoding = 4; lastKnownFileType = sourcecode.c.h; path = FMDatabase.h; sourceTree = "<group>"; };
		3F0391FE1D1CD22800C3BCB5 /* FMDatabase.m */ = {isa = PBXFileReference; fileEncoding = 4; lastKnownFileType = sourcecode.c.objc; path = FMDatabase.m; sourceTree = "<group>"; };
		3F0391FF1D1CD22800C3BCB5 /* FMDatabaseAdditions.h */ = {isa = PBXFileReference; fileEncoding = 4; lastKnownFileType = sourcecode.c.h; path = FMDatabaseAdditions.h; sourceTree = "<group>"; };
		3F0392001D1CD22800C3BCB5 /* FMDatabaseAdditions.m */ = {isa = PBXFileReference; fileEncoding = 4; lastKnownFileType = sourcecode.c.objc; path = FMDatabaseAdditions.m; sourceTree = "<group>"; };
		3F0392011D1CD22800C3BCB5 /* FMDatabasePool.h */ = {isa = PBXFileReference; fileEncoding = 4; lastKnownFileType = sourcecode.c.h; path = FMDatabasePool.h; sourceTree = "<group>"; };
		3F0392021D1CD22800C3BCB5 /* FMDatabasePool.m */ = {isa = PBXFileReference; fileEncoding = 4; lastKnownFileType = sourcecode.c.objc; path = FMDatabasePool.m; sourceTree = "<group>"; };
		3F0392031D1CD22800C3BCB5 /* FMDatabaseQueue.h */ = {isa = PBXFileReference; fileEncoding = 4; lastKnownFileType = sourcecode.c.h; path = FMDatabaseQueue.h; sourceTree = "<group>"; };
		3F0392041D1CD22800C3BCB5 /* FMDatabaseQueue.m */ = {isa = PBXFileReference; fileEncoding = 4; lastKnownFileType = sourcecode.c.objc; path = FMDatabaseQueue.m; sourceTree = "<group>"; };
		3F0392051D1CD22800C3BCB5 /* FMDB.h */ = {isa = PBXFileReference; fileEncoding = 4; lastKnownFileType = sourcecode.c.h; path = FMDB.h; sourceTree = "<group>"; };
		3F0392061D1CD22800C3BCB5 /* FMResultSet.h */ = {isa = PBXFileReference; fileEncoding = 4; lastKnownFileType = sourcecode.c.h; path = FMResultSet.h; sourceTree = "<group>"; };
		3F0392071D1CD22800C3BCB5 /* FMResultSet.m */ = {isa = PBXFileReference; fileEncoding = 4; lastKnownFileType = sourcecode.c.objc; path = FMResultSet.m; sourceTree = "<group>"; };
		3F0392081D1CD22800C3BCB5 /* Info.plist */ = {isa = PBXFileReference; fileEncoding = 4; lastKnownFileType = text.plist.xml; path = Info.plist; sourceTree = "<group>"; };
		3F03920F1D1CD24900C3BCB5 /* libsqlite3.tbd */ = {isa = PBXFileReference; lastKnownFileType = "sourcecode.text-based-dylib-definition"; name = libsqlite3.tbd; path = usr/lib/libsqlite3.tbd; sourceTree = SDKROOT; };
/* End PBXFileReference section */

/* Begin PBXFrameworksBuildPhase section */
		3F0391DF1D1CD1D500C3BCB5 /* Frameworks */ = {
			isa = PBXFrameworksBuildPhase;
			buildActionMask = 2147483647;
			files = (
				3F0392101D1CD24900C3BCB5 /* libsqlite3.tbd in Frameworks */,
			);
			runOnlyForDeploymentPostprocessing = 0;
		};
/* End PBXFrameworksBuildPhase section */

/* Begin PBXGroup section */
		3F0391D91D1CD1D500C3BCB5 = {
			isa = PBXGroup;
			children = (
				3F03920F1D1CD24900C3BCB5 /* libsqlite3.tbd */,
				3F0391E41D1CD1D500C3BCB5 /* IT07FMDBQueueDemo */,
				3F0391E31D1CD1D500C3BCB5 /* Products */,
			);
			sourceTree = "<group>";
		};
		3F0391E31D1CD1D500C3BCB5 /* Products */ = {
			isa = PBXGroup;
			children = (
				3F0391E21D1CD1D500C3BCB5 /* IT07FMDBQueueDemo.app */,
			);
			name = Products;
			sourceTree = "<group>";
		};
		3F0391E41D1CD1D500C3BCB5 /* IT07FMDBQueueDemo */ = {
			isa = PBXGroup;
			children = (
				3F0391FC1D1CD22800C3BCB5 /* fmdb */,
				3F0391E81D1CD1D500C3BCB5 /* AppDelegate.h */,
				3F0391E91D1CD1D500C3BCB5 /* AppDelegate.m */,
				3F0391EB1D1CD1D500C3BCB5 /* ViewController.h */,
				3F0391EC1D1CD1D500C3BCB5 /* ViewController.m */,
				3F0391EE1D1CD1D500C3BCB5 /* Main.storyboard */,
				3F0391F11D1CD1D500C3BCB5 /* Assets.xcassets */,
				3F0391F31D1CD1D500C3BCB5 /* LaunchScreen.storyboard */,
				3F0391F61D1CD1D500C3BCB5 /* Info.plist */,
				3F0391E51D1CD1D500C3BCB5 /* Supporting Files */,
			);
			path = IT07FMDBQueueDemo;
			sourceTree = "<group>";
		};
		3F0391E51D1CD1D500C3BCB5 /* Supporting Files */ = {
			isa = PBXGroup;
			children = (
				3F0391E61D1CD1D500C3BCB5 /* main.m */,
			);
			name = "Supporting Files";
			sourceTree = "<group>";
		};
		3F0391FC1D1CD22800C3BCB5 /* fmdb */ = {
			isa = PBXGroup;
			children = (
				3F0391FD1D1CD22800C3BCB5 /* FMDatabase.h */,
				3F0391FE1D1CD22800C3BCB5 /* FMDatabase.m */,
				3F0391FF1D1CD22800C3BCB5 /* FMDatabaseAdditions.h */,
				3F0392001D1CD22800C3BCB5 /* FMDatabaseAdditions.m */,
				3F0392011D1CD22800C3BCB5 /* FMDatabasePool.h */,
				3F0392021D1CD22800C3BCB5 /* FMDatabasePool.m */,
				3F0392031D1CD22800C3BCB5 /* FMDatabaseQueue.h */,
				3F0392041D1CD22800C3BCB5 /* FMDatabaseQueue.m */,
				3F0392051D1CD22800C3BCB5 /* FMDB.h */,
				3F0392061D1CD22800C3BCB5 /* FMResultSet.h */,
				3F0392071D1CD22800C3BCB5 /* FMResultSet.m */,
				3F0392081D1CD22800C3BCB5 /* Info.plist */,
			);
			path = fmdb;
			sourceTree = "<group>";
		};
/* End PBXGroup section */

/* Begin PBXNativeTarget section */
		3F0391E11D1CD1D500C3BCB5 /* IT07FMDBQueueDemo */ = {
			isa = PBXNativeTarget;
			buildConfigurationList = 3F0391F91D1CD1D500C3BCB5 /* Build configuration list for PBXNativeTarget "IT07FMDBQueueDemo" */;
			buildPhases = (
				3F0391DE1D1CD1D500C3BCB5 /* Sources */,
				3F0391DF1D1CD1D500C3BCB5 /* Frameworks */,
				3F0391E01D1CD1D500C3BCB5 /* Resources */,
			);
			buildRules = (
			);
			dependencies = (
			);
			name = IT07FMDBQueueDemo;
			productName = IT07FMDBQueueDemo;
			productReference = 3F0391E21D1CD1D500C3BCB5 /* IT07FMDBQueueDemo.app */;
			productType = "com.apple.product-type.application";
		};
/* End PBXNativeTarget section */

/* Begin PBXProject section */
		3F0391DA1D1CD1D500C3BCB5 /* Project object */ = {
			isa = PBXProject;
			attributes = {
				LastUpgradeCheck = 0720;
				ORGANIZATIONNAME = zxh;
				TargetAttributes = {
					3F0391E11D1CD1D500C3BCB5 = {
						CreatedOnToolsVersion = 7.2;
						DevelopmentTeam = 994UT8K322;
					};
				};
			};
			buildConfigurationList = 3F0391DD1D1CD1D500C3BCB5 /* Build configuration list for PBXProject "IT07FMDBQueueDemo" */;
			compatibilityVersion = "Xcode 3.2";
			developmentRegion = English;
			hasScannedForEncodings = 0;
			knownRegions = (
				en,
				Base,
			);
			mainGroup = 3F0391D91D1CD1D500C3BCB5;
			productRefGroup = 3F0391E31D1CD1D500C3BCB5 /* Products */;
			projectDirPath = "";
			projectRoot = "";
			targets = (
				3F0391E11D1CD1D500C3BCB5 /* IT07FMDBQueueDemo */,
			);
		};
/* End PBXProject section */

/* Begin PBXResourcesBuildPhase section */
		3F0391E01D1CD1D500C3BCB5 /* Resources */ = {
			isa = PBXResourcesBuildPhase;
			buildActionMask = 2147483647;
			files = (
				3F03920E1D1CD22800C3BCB5 /* Info.plist in Resources */,
				3F0391F51D1CD1D500C3BCB5 /* LaunchScreen.storyboard in Resources */,
				3F0391F21D1CD1D500C3BCB5 /* Assets.xcassets in Resources */,
				3F0391F01D1CD1D500C3BCB5 /* Main.storyboard in Resources */,
			);
			runOnlyForDeploymentPostprocessing = 0;
		};
/* End PBXResourcesBuildPhase section */

/* Begin PBXSourcesBuildPhase section */
		3F0391DE1D1CD1D500C3BCB5 /* Sources */ = {
			isa = PBXSourcesBuildPhase;
			buildActionMask = 2147483647;
			files = (
				3F0391ED1D1CD1D500C3BCB5 /* ViewController.m in Sources */,
				3F03920B1D1CD22800C3BCB5 /* FMDatabasePool.m in Sources */,
				3F0391EA1D1CD1D500C3BCB5 /* AppDelegate.m in Sources */,
				3F03920C1D1CD22800C3BCB5 /* FMDatabaseQueue.m in Sources */,
				3F0391E71D1CD1D500C3BCB5 /* main.m in Sources */,
				3F0392091D1CD22800C3BCB5 /* FMDatabase.m in Sources */,
				3F03920D1D1CD22800C3BCB5 /* FMResultSet.m in Sources */,
				3F03920A1D1CD22800C3BCB5 /* FMDatabaseAdditions.m in Sources */,
			);
			runOnlyForDeploymentPostprocessing = 0;
		};
/* End PBXSourcesBuildPhase section */

/* Begin PBXVariantGroup section */
		3F0391EE1D1CD1D500C3BCB5 /* Main.storyboard */ = {
			isa = PBXVariantGroup;
			children = (
				3F0391EF1D1CD1D500C3BCB5 /* Base */,
			);
			name = Main.storyboard;
			sourceTree = "<group>";
		};
		3F0391F31D1CD1D500C3BCB5 /* LaunchScreen.storyboard */ = {
			isa = PBXVariantGroup;
			children = (
				3F0391F41D1CD1D500C3BCB5 /* Base */,
			);
			name = LaunchScreen.storyboard;
			sourceTree = "<group>";
		};
/* End PBXVariantGroup section */

/* Begin XCBuildConfiguration section */
		3F0391F71D1CD1D500C3BCB5 /* Debug */ = {
			isa = XCBuildConfiguration;
			buildSettings = {
				ALWAYS_SEARCH_USER_PATHS = NO;
				CLANG_CXX_LANGUAGE_STANDARD = "gnu++0x";
				CLANG_CXX_LIBRARY = "libc++";
				CLANG_ENABLE_MODULES = YES;
				CLANG_ENABLE_OBJC_ARC = YES;
				CLANG_WARN_BOOL_CONVERSION = YES;
				CLANG_WARN_CONSTANT_CONVERSION = YES;
				CLANG_WARN_DIRECT_OBJC_ISA_USAGE = YES_ERROR;
				CLANG_WARN_EMPTY_BODY = YES;
				CLANG_WARN_ENUM_CONVERSION = YES;
				CLANG_WARN_INT_CONVERSION = YES;
				CLANG_WARN_OBJC_ROOT_CLASS = YES_ERROR;
				CLANG_WARN_UNREACHABLE_CODE = YES;
				CLANG_WARN__DUPLICATE_METHOD_MATCH = YES;
				"CODE_SIGN_IDENTITY[sdk=iphoneos*]" = "iPhone Developer";
				COPY_PHASE_STRIP = NO;
				DEBUG_INFORMATION_FORMAT = dwarf;
				ENABLE_STRICT_OBJC_MSGSEND = YES;
				ENABLE_TESTABILITY = YES;
				GCC_C_LANGUAGE_STANDARD = gnu99;
				GCC_DYNAMIC_NO_PIC = NO;
				GCC_NO_COMMON_BLOCKS = YES;
				GCC_OPTIMIZATION_LEVEL = 0;
				GCC_PREPROCESSOR_DEFINITIONS = (
					"DEBUG=1",
					"$(inherited)",
				);
				GCC_WARN_64_TO_32_BIT_CONVERSION = YES;
				GCC_WARN_ABOUT_RETURN_TYPE = YES_ERROR;
				GCC_WARN_UNDECLARED_SELECTOR = YES;
				GCC_WARN_UNINITIALIZED_AUTOS = YES_AGGRESSIVE;
				GCC_WARN_UNUSED_FUNCTION = YES;
				GCC_WARN_UNUSED_VARIABLE = YES;
				IPHONEOS_DEPLOYMENT_TARGET = 9.2;
				MTL_ENABLE_DEBUG_INFO = YES;
				ONLY_ACTIVE_ARCH = YES;
				SDKROOT = iphoneos;
			};
			name = Debug;
		};
		3F0391F81D1CD1D500C3BCB5 /* Release */ = {
			isa = XCBuildConfiguration;
			buildSettings = {
				ALWAYS_SEARCH_USER_PATHS = NO;
				CLANG_CXX_LANGUAGE_STANDARD = "gnu++0x";
				CLANG_CXX_LIBRARY = "libc++";
				CLANG_ENABLE_MODULES = YES;
				CLANG_ENABLE_OBJC_ARC = YES;
				CLANG_WARN_BOOL_CONVERSION = YES;
				CLANG_WARN_CONSTANT_CONVERSION = YES;
				CLANG_WARN_DIRECT_OBJC_ISA_USAGE = YES_ERROR;
				CLANG_WARN_EMPTY_BODY = YES;
				CLANG_WARN_ENUM_CONVERSION = YES;
				CLANG_WARN_INT_CONVERSION = YES;
				CLANG_WARN_OBJC_ROOT_CLASS = YES_ERROR;
				CLANG_WARN_UNREACHABLE_CODE = YES;
				CLANG_WARN__DUPLICATE_METHOD_MATCH = YES;
				"CODE_SIGN_IDENTITY[sdk=iphoneos*]" = "iPhone Developer";
				COPY_PHASE_STRIP = NO;
				DEBUG_INFORMATION_FORMAT = "dwarf-with-dsym";
				ENABLE_NS_ASSERTIONS = NO;
				ENABLE_STRICT_OBJC_MSGSEND = YES;
				GCC_C_LANGUAGE_STANDARD = gnu99;
				GCC_NO_COMMON_BLOCKS = YES;
				GCC_WARN_64_TO_32_BIT_CONVERSION = YES;
				GCC_WARN_ABOUT_RETURN_TYPE = YES_ERROR;
				GCC_WARN_UNDECLARED_SELECTOR = YES;
				GCC_WARN_UNINITIALIZED_AUTOS = YES_AGGRESSIVE;
				GCC_WARN_UNUSED_FUNCTION = YES;
				GCC_WARN_UNUSED_VARIABLE = YES;
				IPHONEOS_DEPLOYMENT_TARGET = 9.2;
				MTL_ENABLE_DEBUG_INFO = NO;
				SDKROOT = iphoneos;
				VALIDATE_PRODUCT = YES;
			};
			name = Release;
		};
		3F0391FA1D1CD1D500C3BCB5 /* Debug */ = {
			isa = XCBuildConfiguration;
			buildSettings = {
				ASSETCATALOG_COMPILER_APPICON_NAME = AppIcon;
				INFOPLIST_FILE = IT07FMDBQueueDemo/Info.plist;
				LD_RUNPATH_SEARCH_PATHS = "$(inherited) @executable_path/Frameworks";
				PRODUCT_BUNDLE_IDENTIFIER = com.zeng.IT07FMDBQueueDemo;
				PRODUCT_NAME = "$(TARGET_NAME)";
			};
			name = Debug;
		};
		3F0391FB1D1CD1D500C3BCB5 /* Release */ = {
			isa = XCBuildConfiguration;
			buildSettings = {
				ASSETCATALOG_COMPILER_APPICON_NAME = AppIcon;
				INFOPLIST_FILE = IT07FMDBQueueDemo/Info.plist;
				LD_RUNPATH_SEARCH_PATHS = "$(inherited) @executable_path/Frameworks";
				PRODUCT_BUNDLE_IDENTIFIER = com.zeng.IT07FMDBQueueDemo;
				PRODUCT_NAME = "$(TARGET_NAME)";
			};
			name = Release;
		};
/* End XCBuildConfiguration section */

/* Begin XCConfigurationList section */
		3F0391DD1D1CD1D500C3BCB5 /* Build configuration list for PBXProject "IT07FMDBQueueDemo" */ = {
			isa = XCConfigurationList;
			buildConfigurations = (
				3F0391F71D1CD1D500C3BCB5 /* Debug */,
				3F0391F81D1CD1D500C3BCB5 /* Release */,
			);
			defaultConfigurationIsVisible = 0;
			defaultConfigurationName = Release;
		};
		3F0391F91D1CD1D500C3BCB5 /* Build configuration list for PBXNativeTarget "IT07FMDBQueueDemo" */ = {
			isa = XCConfigurationList;
			buildConfigurations = (
				3F0391FA1D1CD1D500C3BCB5 /* Debug */,
				3F0391FB1D1CD1D500C3BCB5 /* Release */,
			);
			defaultConfigurationIsVisible = 0;
		};
/* End XCConfigurationList section */
	};
	rootObject = 3F0391DA1D1CD1D500C3BCB5 /* Project object */;
}
